
Microsoft Visual Studio Solution File, Format Version 12.00
# Visual Studio Version 17
VisualStudioVersion = 17.0.32112.339
MinimumVisualStudioVersion = 10.0.40219.1
Project("{9A19103F-16F7-4668-BE54-9A1E7A4F7556}") = "ThreadDemo", "ThreadDemo\ThreadDemo.csproj", "{394A33E9-8F42-4C3D-98A7-F0FBBD655B3F}"
EndProject
Project("{9A19103F-16F7-4668-BE54-9A1E7A4F7556}") = "WpfApp1", "WpfApp1\WpfApp1.csproj", "{0D307D76-3FE8-4C31-98B4-E11807EFD753}"
EndProject
Project("{9A19103F-16F7-4668-BE54-9A1E7A4F7556}") = "ThreadDemo2", "ThreadDemo2\ThreadDemo2.csproj", "{D644E695-D729-4B9B-BCF2-16D6DC85771D}"
EndProject
Global
	GlobalSection(SolutionConfigurationPlatforms) = preSolution
		Debug|Any CPU = Debug|Any CPU
		Release|Any CPU = Release|Any CPU
	EndGlobalSection
	GlobalSection(ProjectConfigurationPlatforms) = postSolution
		{394A33E9-8F42-4C3D-98A7-F0FBBD655B3F}.Debug|Any CPU.ActiveCfg = Debug|Any CPU
		{394A33E9-8F42-4C3D-98A7-F0FBBD655B3F}.Debug|Any CPU.Build.0 = Debug|Any CPU
		{394A33E9-8F42-4C3D-98A7-F0FBBD655B3F}.Release|Any CPU.ActiveCfg = Release|Any CPU
		{394A33E9-8F42-4C3D-98A7-F0FBBD655B3F}.Release|Any CPU.Build.0 = Release|Any CPU
		{0D307D76-3FE8-4C31-98B4-E11807EFD753}.Debug|Any CPU.ActiveCfg = Debug|Any CPU
		{0D307D76-3FE8-4C31-98B4-E11807EFD753}.Debug|Any CPU.Build.0 = Debug|Any CPU
		{0D307D76-3FE8-4C31-98B4-E11807EFD753}.Release|Any CPU.ActiveCfg = Release|Any CPU
		{0D307D76-3FE8-4C31-98B4-E11807EFD753}.Release|Any CPU.Build.0 = Release|Any CPU
		{D644E695-D729-4B9B-BCF2-16D6DC85771D}.Debug|Any CPU.ActiveCfg = Debug|Any CPU
		{D644E695-D729-4B9B-BCF2-16D6DC85771D}.Debug|Any CPU.Build.0 = Debug|Any CPU
		{D644E695-D729-4B9B-BCF2-16D6DC85771D}.Release|Any CPU.ActiveCfg = Release|Any CPU
		{D644E695-D729-4B9B-BCF2-16D6DC85771D}.Release|Any CPU.Build.0 = Release|Any CPU
	EndGlobalSection
	GlobalSection(SolutionProperties) = preSolution
		HideSolutionNode = FALSE
	EndGlobalSection
	GlobalSection(ExtensibilityGlobals) = postSolution
		SolutionGuid = {F203BA88-6889-46D7-852B-DC8E3A26DB5D}
	EndGlobalSection
EndGlobal
