
Microsoft Visual Studio Solution File, Format Version 12.00
# Visual Studio Version 17
VisualStudioVersion = 17.0.32112.339
MinimumVisualStudioVersion = 10.0.40219.1
Project("{FAE04EC0-301F-11D3-BF4B-00C04F79EFBC}") = "SyntaxDemo", "SyntaxDemo\SyntaxDemo.csproj", "{27D91B70-5236-4679-9BCD-6A45B880B7B6}"
EndProject
Project("{FAE04EC0-301F-11D3-BF4B-00C04F79EFBC}") = "Demo", "Demo\Demo.csproj", "{966EF4F0-E104-4763-9199-A48E2349954E}"
EndProject
Global
	GlobalSection(SolutionConfigurationPlatforms) = preSolution
		Debug|Any CPU = Debug|Any CPU
		Release|Any CPU = Release|Any CPU
	EndGlobalSection
	GlobalSection(ProjectConfigurationPlatforms) = postSolution
		{27D91B70-5236-4679-9BCD-6A45B880B7B6}.Debug|Any CPU.ActiveCfg = Debug|Any CPU
		{27D91B70-5236-4679-9BCD-6A45B880B7B6}.Debug|Any CPU.Build.0 = Debug|Any CPU
		{27D91B70-5236-4679-9BCD-6A45B880B7B6}.Release|Any CPU.ActiveCfg = Release|Any CPU
		{27D91B70-5236-4679-9BCD-6A45B880B7B6}.Release|Any CPU.Build.0 = Release|Any CPU
		{966EF4F0-E104-4763-9199-A48E2349954E}.Debug|Any CPU.ActiveCfg = Debug|Any CPU
		{966EF4F0-E104-4763-9199-A48E2349954E}.Debug|Any CPU.Build.0 = Debug|Any CPU
		{966EF4F0-E104-4763-9199-A48E2349954E}.Release|Any CPU.ActiveCfg = Release|Any CPU
		{966EF4F0-E104-4763-9199-A48E2349954E}.Release|Any CPU.Build.0 = Release|Any CPU
	EndGlobalSection
	GlobalSection(SolutionProperties) = preSolution
		HideSolutionNode = FALSE
	EndGlobalSection
	GlobalSection(ExtensibilityGlobals) = postSolution
		SolutionGuid = {E1C70156-1520-4642-A087-A3F8B7A620C1}
	EndGlobalSection
EndGlobal
