
Microsoft Visual Studio Solution File, Format Version 12.00
# Visual Studio Version 17
VisualStudioVersion = 17.2.32616.157
MinimumVisualStudioVersion = 10.0.40219.1
Project("{9A19103F-16F7-4668-BE54-9A1E7A4F7556}") = "MudBlazorTemplates1", "MudBlazorTemplates1.csproj", "{A0B8FB9C-766D-4623-8F11-03D4C81B280C}"
EndProject
Project("{9A19103F-16F7-4668-BE54-9A1E7A4F7556}") = "BlazingPizza", "..\..\mslearn-interact-with-data-blazor-web-apps\BlazingPizza.csproj", "{11A41C05-D798-4529-BEF5-48E064020531}"
EndProject
Project("{9A19103F-16F7-4668-BE54-9A1E7A4F7556}") = "WorkerService1", "..\WorkerService1\WorkerService1.csproj", "{34E53085-EA86-47EF-A7EF-9BDD13CC8056}"
EndProject
Project("{9A19103F-16F7-4668-BE54-9A1E7A4F7556}") = "ConsoleApp1", "..\ConsoleApp1\ConsoleApp1.csproj", "{E76EEC14-D180-4723-A063-DBEB29D86DD0}"
EndProject
Global
	GlobalSection(SolutionConfigurationPlatforms) = preSolution
		Debug|Any CPU = Debug|Any CPU
		Release|Any CPU = Release|Any CPU
	EndGlobalSection
	GlobalSection(ProjectConfigurationPlatforms) = postSolution
		{A0B8FB9C-766D-4623-8F11-03D4C81B280C}.Debug|Any CPU.ActiveCfg = Debug|Any CPU
		{A0B8FB9C-766D-4623-8F11-03D4C81B280C}.Debug|Any CPU.Build.0 = Debug|Any CPU
		{A0B8FB9C-766D-4623-8F11-03D4C81B280C}.Release|Any CPU.ActiveCfg = Release|Any CPU
		{A0B8FB9C-766D-4623-8F11-03D4C81B280C}.Release|Any CPU.Build.0 = Release|Any CPU
		{11A41C05-D798-4529-BEF5-48E064020531}.Debug|Any CPU.ActiveCfg = Debug|Any CPU
		{11A41C05-D798-4529-BEF5-48E064020531}.Debug|Any CPU.Build.0 = Debug|Any CPU
		{11A41C05-D798-4529-BEF5-48E064020531}.Release|Any CPU.ActiveCfg = Release|Any CPU
		{11A41C05-D798-4529-BEF5-48E064020531}.Release|Any CPU.Build.0 = Release|Any CPU
		{34E53085-EA86-47EF-A7EF-9BDD13CC8056}.Debug|Any CPU.ActiveCfg = Debug|Any CPU
		{34E53085-EA86-47EF-A7EF-9BDD13CC8056}.Debug|Any CPU.Build.0 = Debug|Any CPU
		{34E53085-EA86-47EF-A7EF-9BDD13CC8056}.Release|Any CPU.ActiveCfg = Release|Any CPU
		{34E53085-EA86-47EF-A7EF-9BDD13CC8056}.Release|Any CPU.Build.0 = Release|Any CPU
		{E76EEC14-D180-4723-A063-DBEB29D86DD0}.Debug|Any CPU.ActiveCfg = Debug|Any CPU
		{E76EEC14-D180-4723-A063-DBEB29D86DD0}.Debug|Any CPU.Build.0 = Debug|Any CPU
		{E76EEC14-D180-4723-A063-DBEB29D86DD0}.Release|Any CPU.ActiveCfg = Release|Any CPU
		{E76EEC14-D180-4723-A063-DBEB29D86DD0}.Release|Any CPU.Build.0 = Release|Any CPU
	EndGlobalSection
	GlobalSection(SolutionProperties) = preSolution
		HideSolutionNode = FALSE
	EndGlobalSection
	GlobalSection(ExtensibilityGlobals) = postSolution
		SolutionGuid = {93AC2EB9-2753-4B9F-8D62-B165C7D15B18}
	EndGlobalSection
EndGlobal
