
Microsoft Visual Studio Solution File, Format Version 12.00
# Visual Studio Version 17
VisualStudioVersion = 17.2.32616.157
MinimumVisualStudioVersion = 10.0.40219.1
Project("{9A19103F-16F7-4668-BE54-9A1E7A4F7556}") = "MudBlazorTemplates1", "MudBlazorTemplates1.csproj", "{A0B8FB9C-766D-4623-8F11-03D4C81B280C}"
EndProject
Project("{9A19103F-16F7-4668-BE54-9A1E7A4F7556}") = "BlazingPizza", "..\..\mslearn-interact-with-data-blazor-web-apps\BlazingPizza.csproj", "{11A41C05-D798-4529-BEF5-48E064020531}"
EndProject
Project("{9A19103F-16F7-4668-BE54-9A1E7A4F7556}") = "WorkerService1", "..\WorkerService1\WorkerService1.csproj", "{34E53085-EA86-47EF-A7EF-9BDD13CC8056}"
EndProject
Project("{9A19103F-16F7-4668-BE54-9A1E7A4F7556}") = "ConsoleApp1", "..\ConsoleApp1\ConsoleApp1.csproj", "{E76EEC14-D180-4723-A063-DBEB29D86DD0}"
EndProject
Project("{9A19103F-16F7-4668-BE54-9A1E7A4F7556}") = "WebApplication1", "..\WebApplication1\WebApplication1.csproj", "{0AC66D68-6E1E-4893-901C-8C4282C7B195}"
EndProject
Project("{D954291E-2A0B-460D-934E-DC6B0785DB48}") = "WatchClient.Common", "..\WatchClient.Common\WatchClient.Common.shproj", "{6DAB1141-47AF-4717-A710-520937217EB0}"
EndProject
Project("{9A19103F-16F7-4668-BE54-9A1E7A4F7556}") = "DeployHelperWeb", "..\DeployHelperWeb\DeployHelperWeb.csproj", "{07472AC1-8854-46E0-9D14-F7B129DD53FD}"
EndProject
Global
	GlobalSection(SolutionConfigurationPlatforms) = preSolution
		Debug|Any CPU = Debug|Any CPU
		Release|Any CPU = Release|Any CPU
	EndGlobalSection
	GlobalSection(ProjectConfigurationPlatforms) = postSolution
		{A0B8FB9C-766D-4623-8F11-03D4C81B280C}.Debug|Any CPU.ActiveCfg = Debug|Any CPU
		{A0B8FB9C-766D-4623-8F11-03D4C81B280C}.Debug|Any CPU.Build.0 = Debug|Any CPU
		{A0B8FB9C-766D-4623-8F11-03D4C81B280C}.Release|Any CPU.ActiveCfg = Release|Any CPU
		{A0B8FB9C-766D-4623-8F11-03D4C81B280C}.Release|Any CPU.Build.0 = Release|Any CPU
		{11A41C05-D798-4529-BEF5-48E064020531}.Debug|Any CPU.ActiveCfg = Debug|Any CPU
		{11A41C05-D798-4529-BEF5-48E064020531}.Debug|Any CPU.Build.0 = Debug|Any CPU
		{11A41C05-D798-4529-BEF5-48E064020531}.Release|Any CPU.ActiveCfg = Release|Any CPU
		{11A41C05-D798-4529-BEF5-48E064020531}.Release|Any CPU.Build.0 = Release|Any CPU
		{34E53085-EA86-47EF-A7EF-9BDD13CC8056}.Debug|Any CPU.ActiveCfg = Debug|Any CPU
		{34E53085-EA86-47EF-A7EF-9BDD13CC8056}.Debug|Any CPU.Build.0 = Debug|Any CPU
		{34E53085-EA86-47EF-A7EF-9BDD13CC8056}.Release|Any CPU.ActiveCfg = Release|Any CPU
		{34E53085-EA86-47EF-A7EF-9BDD13CC8056}.Release|Any CPU.Build.0 = Release|Any CPU
		{E76EEC14-D180-4723-A063-DBEB29D86DD0}.Debug|Any CPU.ActiveCfg = Debug|Any CPU
		{E76EEC14-D180-4723-A063-DBEB29D86DD0}.Debug|Any CPU.Build.0 = Debug|Any CPU
		{E76EEC14-D180-4723-A063-DBEB29D86DD0}.Release|Any CPU.ActiveCfg = Release|Any CPU
		{E76EEC14-D180-4723-A063-DBEB29D86DD0}.Release|Any CPU.Build.0 = Release|Any CPU
		{0AC66D68-6E1E-4893-901C-8C4282C7B195}.Debug|Any CPU.ActiveCfg = Debug|Any CPU
		{0AC66D68-6E1E-4893-901C-8C4282C7B195}.Debug|Any CPU.Build.0 = Debug|Any CPU
		{0AC66D68-6E1E-4893-901C-8C4282C7B195}.Release|Any CPU.ActiveCfg = Release|Any CPU
		{0AC66D68-6E1E-4893-901C-8C4282C7B195}.Release|Any CPU.Build.0 = Release|Any CPU
		{07472AC1-8854-46E0-9D14-F7B129DD53FD}.Debug|Any CPU.ActiveCfg = Debug|Any CPU
		{07472AC1-8854-46E0-9D14-F7B129DD53FD}.Debug|Any CPU.Build.0 = Debug|Any CPU
		{07472AC1-8854-46E0-9D14-F7B129DD53FD}.Release|Any CPU.ActiveCfg = Release|Any CPU
		{07472AC1-8854-46E0-9D14-F7B129DD53FD}.Release|Any CPU.Build.0 = Release|Any CPU
	EndGlobalSection
	GlobalSection(SolutionProperties) = preSolution
		HideSolutionNode = FALSE
	EndGlobalSection
	GlobalSection(ExtensibilityGlobals) = postSolution
		SolutionGuid = {93AC2EB9-2753-4B9F-8D62-B165C7D15B18}
	EndGlobalSection
	GlobalSection(SharedMSBuildProjectFiles) = preSolution
		..\WatchClient.Common\WatchClient.Common.projitems*{0ac66d68-6e1e-4893-901c-8c4282c7b195}*SharedItemsImports = 5
		..\WatchClient.Common\WatchClient.Common.projitems*{6dab1141-47af-4717-a710-520937217eb0}*SharedItemsImports = 13
		..\WatchClient.Common\WatchClient.Common.projitems*{a0b8fb9c-766d-4623-8f11-03d4c81b280c}*SharedItemsImports = 5
	EndGlobalSection
EndGlobal
